
Microsoft Visual Studio Solution File, Format Version 12.00
Project("{2150E333-8FDC-42A3-9474-1A3956D46DE8}") = "Solution Items", "Solution Items", "{80BD9A8B-57A2-44AA-8D5B-7DFBA6351D72}"
	ProjectSection(SolutionItems) = preProject
		README.md = README.md
		docker-compose.yml = docker-compose.yml
		Directory.Build.props = Directory.Build.props
	EndProjectSection
EndProject
Project("{FAE04EC0-301F-11D3-BF4B-00C04F79EFBC}") = "Finansik.Domain", "Finansik.Domain\Finansik.Domain.csproj", "{6FEB58E6-8922-4BFD-B65C-4FDF6B07131E}"
EndProject
Project("{FAE04EC0-301F-11D3-BF4B-00C04F79EFBC}") = "Finansik.Storage", "Finansik.Storage\Finansik.Storage.csproj", "{1DC49773-3A56-4F74-A807-FE8975638034}"
EndProject
Project("{FAE04EC0-301F-11D3-BF4B-00C04F79EFBC}") = "Finansik.API", "Finansik.API\Finansik.API.csproj", "{0D2F2E7A-F44E-4787-8F85-03B222BFD315}"
EndProject
Project("{FAE04EC0-301F-11D3-BF4B-00C04F79EFBC}") = "Finansik.Domain.Tests", "Finansik.Domain.Tests\Finansik.Domain.Tests.csproj", "{7B4516F0-93D8-4030-92DA-DF17085773BD}"
EndProject
Project("{FAE04EC0-301F-11D3-BF4B-00C04F79EFBC}") = "Finansik.Domain.DependencyInjection", "Finansik.Domain.DependencyInjection\Finansik.Domain.DependencyInjection.csproj", "{3C5518B0-0F67-49C4-BDE2-EDD4554D7AB5}"
EndProject
Project("{FAE04EC0-301F-11D3-BF4B-00C04F79EFBC}") = "Finansik.Storage.DependencyInjection", "Finansik.Storage.DependencyInjection\Finansik.Storage.DependencyInjection.csproj", "{66578F63-4F37-4F34-A833-0B6F029A8D26}"
EndProject
Project("{FAE04EC0-301F-11D3-BF4B-00C04F79EFBC}") = "Finansik.E2E", "Finansik.E2E\Finansik.E2E.csproj", "{5CD25A27-D96A-49FE-A73D-158C99EA0AAF}"
EndProject
Global
	GlobalSection(SolutionConfigurationPlatforms) = preSolution
		Debug|Any CPU = Debug|Any CPU
		Release|Any CPU = Release|Any CPU
	EndGlobalSection
	GlobalSection(ProjectConfigurationPlatforms) = postSolution
		{6FEB58E6-8922-4BFD-B65C-4FDF6B07131E}.Debug|Any CPU.ActiveCfg = Debug|Any CPU
		{6FEB58E6-8922-4BFD-B65C-4FDF6B07131E}.Debug|Any CPU.Build.0 = Debug|Any CPU
		{6FEB58E6-8922-4BFD-B65C-4FDF6B07131E}.Release|Any CPU.ActiveCfg = Release|Any CPU
		{6FEB58E6-8922-4BFD-B65C-4FDF6B07131E}.Release|Any CPU.Build.0 = Release|Any CPU
		{1DC49773-3A56-4F74-A807-FE8975638034}.Debug|Any CPU.ActiveCfg = Debug|Any CPU
		{1DC49773-3A56-4F74-A807-FE8975638034}.Debug|Any CPU.Build.0 = Debug|Any CPU
		{1DC49773-3A56-4F74-A807-FE8975638034}.Release|Any CPU.ActiveCfg = Release|Any CPU
		{1DC49773-3A56-4F74-A807-FE8975638034}.Release|Any CPU.Build.0 = Release|Any CPU
		{0D2F2E7A-F44E-4787-8F85-03B222BFD315}.Debug|Any CPU.ActiveCfg = Debug|Any CPU
		{0D2F2E7A-F44E-4787-8F85-03B222BFD315}.Debug|Any CPU.Build.0 = Debug|Any CPU
		{0D2F2E7A-F44E-4787-8F85-03B222BFD315}.Release|Any CPU.ActiveCfg = Release|Any CPU
		{0D2F2E7A-F44E-4787-8F85-03B222BFD315}.Release|Any CPU.Build.0 = Release|Any CPU
		{7B4516F0-93D8-4030-92DA-DF17085773BD}.Debug|Any CPU.ActiveCfg = Debug|Any CPU
		{7B4516F0-93D8-4030-92DA-DF17085773BD}.Debug|Any CPU.Build.0 = Debug|Any CPU
		{7B4516F0-93D8-4030-92DA-DF17085773BD}.Release|Any CPU.ActiveCfg = Release|Any CPU
		{7B4516F0-93D8-4030-92DA-DF17085773BD}.Release|Any CPU.Build.0 = Release|Any CPU
		{3C5518B0-0F67-49C4-BDE2-EDD4554D7AB5}.Debug|Any CPU.ActiveCfg = Debug|Any CPU
		{3C5518B0-0F67-49C4-BDE2-EDD4554D7AB5}.Debug|Any CPU.Build.0 = Debug|Any CPU
		{3C5518B0-0F67-49C4-BDE2-EDD4554D7AB5}.Release|Any CPU.ActiveCfg = Release|Any CPU
		{3C5518B0-0F67-49C4-BDE2-EDD4554D7AB5}.Release|Any CPU.Build.0 = Release|Any CPU
		{66578F63-4F37-4F34-A833-0B6F029A8D26}.Debug|Any CPU.ActiveCfg = Debug|Any CPU
		{66578F63-4F37-4F34-A833-0B6F029A8D26}.Debug|Any CPU.Build.0 = Debug|Any CPU
		{66578F63-4F37-4F34-A833-0B6F029A8D26}.Release|Any CPU.ActiveCfg = Release|Any CPU
		{66578F63-4F37-4F34-A833-0B6F029A8D26}.Release|Any CPU.Build.0 = Release|Any CPU
		{5CD25A27-D96A-49FE-A73D-158C99EA0AAF}.Debug|Any CPU.ActiveCfg = Debug|Any CPU
		{5CD25A27-D96A-49FE-A73D-158C99EA0AAF}.Debug|Any CPU.Build.0 = Debug|Any CPU
		{5CD25A27-D96A-49FE-A73D-158C99EA0AAF}.Release|Any CPU.ActiveCfg = Release|Any CPU
		{5CD25A27-D96A-49FE-A73D-158C99EA0AAF}.Release|Any CPU.Build.0 = Release|Any CPU
	EndGlobalSection
EndGlobal
